
Microsoft Visual Studio Solution File, Format Version 12.00
# Visual Studio Version 16
VisualStudioVersion = 16.0.29324.140
MinimumVisualStudioVersion = 10.0.40219.1
Project("{9A19103F-16F7-4668-BE54-9A1E7A4F7556}") = "EventTicketsManager", "EventTicketsManager\EventTicketsManager.csproj", "{CA6800D2-EF68-48BA-A6AC-CCBC969F80AB}"
EndProject
Project("{9A19103F-16F7-4668-BE54-9A1E7A4F7556}") = "Server", "Server\Server.csproj", "{F549901E-266A-4E8C-B979-FC904936E4A3}"
EndProject
Project("{9A19103F-16F7-4668-BE54-9A1E7A4F7556}") = "Library", "Library\Library.csproj", "{2E263C14-ECC8-4F7D-B5D7-39FBF8CFBE84}"
EndProject
Project("{FAE04EC0-301F-11D3-BF4B-00C04F79EFBC}") = "Api", "Api\Api.csproj", "{72876115-46ED-4FC5-9105-E01386A84351}"
EndProject
Global
	GlobalSection(SolutionConfigurationPlatforms) = preSolution
		Debug|Any CPU = Debug|Any CPU
		Release|Any CPU = Release|Any CPU
	EndGlobalSection
	GlobalSection(ProjectConfigurationPlatforms) = postSolution
		{CA6800D2-EF68-48BA-A6AC-CCBC969F80AB}.Debug|Any CPU.ActiveCfg = Debug|Any CPU
		{CA6800D2-EF68-48BA-A6AC-CCBC969F80AB}.Debug|Any CPU.Build.0 = Debug|Any CPU
		{CA6800D2-EF68-48BA-A6AC-CCBC969F80AB}.Release|Any CPU.ActiveCfg = Release|Any CPU
		{CA6800D2-EF68-48BA-A6AC-CCBC969F80AB}.Release|Any CPU.Build.0 = Release|Any CPU
		{F549901E-266A-4E8C-B979-FC904936E4A3}.Debug|Any CPU.ActiveCfg = Debug|Any CPU
		{F549901E-266A-4E8C-B979-FC904936E4A3}.Debug|Any CPU.Build.0 = Debug|Any CPU
		{F549901E-266A-4E8C-B979-FC904936E4A3}.Release|Any CPU.ActiveCfg = Release|Any CPU
		{F549901E-266A-4E8C-B979-FC904936E4A3}.Release|Any CPU.Build.0 = Release|Any CPU
		{2E263C14-ECC8-4F7D-B5D7-39FBF8CFBE84}.Debug|Any CPU.ActiveCfg = Debug|Any CPU
		{2E263C14-ECC8-4F7D-B5D7-39FBF8CFBE84}.Debug|Any CPU.Build.0 = Debug|Any CPU
		{2E263C14-ECC8-4F7D-B5D7-39FBF8CFBE84}.Release|Any CPU.ActiveCfg = Release|Any CPU
		{2E263C14-ECC8-4F7D-B5D7-39FBF8CFBE84}.Release|Any CPU.Build.0 = Release|Any CPU
		{72876115-46ED-4FC5-9105-E01386A84351}.Debug|Any CPU.ActiveCfg = Debug|Any CPU
		{72876115-46ED-4FC5-9105-E01386A84351}.Debug|Any CPU.Build.0 = Debug|Any CPU
		{72876115-46ED-4FC5-9105-E01386A84351}.Release|Any CPU.ActiveCfg = Release|Any CPU
		{72876115-46ED-4FC5-9105-E01386A84351}.Release|Any CPU.Build.0 = Release|Any CPU
	EndGlobalSection
	GlobalSection(SolutionProperties) = preSolution
		HideSolutionNode = FALSE
	EndGlobalSection
	GlobalSection(ExtensibilityGlobals) = postSolution
		SolutionGuid = {3B31CE13-41BC-45D6-A993-873247D87A28}
	EndGlobalSection
EndGlobal
